
Microsoft Visual Studio Solution File, Format Version 12.00
# Visual Studio Version 16
VisualStudioVersion = 16.0.28803.452
MinimumVisualStudioVersion = 10.0.40219.1
Project("{FAE04EC0-301F-11D3-BF4B-00C04F79EFBC}") = "NestedNestedLoops", "NestedNestedLoops\NestedNestedLoops.csproj", "{0D3987EB-C4CF-4821-AD4B-E4885E5184DB}"
EndProject
Global
	GlobalSection(SolutionConfigurationPlatforms) = preSolution
		Debug|Any CPU = Debug|Any CPU
		Release|Any CPU = Release|Any CPU
	EndGlobalSection
	GlobalSection(ProjectConfigurationPlatforms) = postSolution
		{0D3987EB-C4CF-4821-AD4B-E4885E5184DB}.Debug|Any CPU.ActiveCfg = Debug|Any CPU
		{0D3987EB-C4CF-4821-AD4B-E4885E5184DB}.Debug|Any CPU.Build.0 = Debug|Any CPU
		{0D3987EB-C4CF-4821-AD4B-E4885E5184DB}.Release|Any CPU.ActiveCfg = Release|Any CPU
		{0D3987EB-C4CF-4821-AD4B-E4885E5184DB}.Release|Any CPU.Build.0 = Release|Any CPU
	EndGlobalSection
	GlobalSection(SolutionProperties) = preSolution
		HideSolutionNode = FALSE
	EndGlobalSection
	GlobalSection(ExtensibilityGlobals) = postSolution
		SolutionGuid = {D9C4FB07-FE75-4310-8918-24C619E814CF}
	EndGlobalSection
EndGlobal
