
Microsoft Visual Studio Solution File, Format Version 12.00
# Visual Studio Version 16
VisualStudioVersion = 16.0.28803.452
MinimumVisualStudioVersion = 10.0.40219.1
Project("{FAE04EC0-301F-11D3-BF4B-00C04F79EFBC}") = "NestedLoopsFor", "NestedLoopsFor\NestedLoopsFor.csproj", "{4FAA194A-B441-442C-95C6-DF8B8AEFBAF9}"
EndProject
Global
	GlobalSection(SolutionConfigurationPlatforms) = preSolution
		Debug|Any CPU = Debug|Any CPU
		Release|Any CPU = Release|Any CPU
	EndGlobalSection
	GlobalSection(ProjectConfigurationPlatforms) = postSolution
		{4FAA194A-B441-442C-95C6-DF8B8AEFBAF9}.Debug|Any CPU.ActiveCfg = Debug|Any CPU
		{4FAA194A-B441-442C-95C6-DF8B8AEFBAF9}.Debug|Any CPU.Build.0 = Debug|Any CPU
		{4FAA194A-B441-442C-95C6-DF8B8AEFBAF9}.Release|Any CPU.ActiveCfg = Release|Any CPU
		{4FAA194A-B441-442C-95C6-DF8B8AEFBAF9}.Release|Any CPU.Build.0 = Release|Any CPU
	EndGlobalSection
	GlobalSection(SolutionProperties) = preSolution
		HideSolutionNode = FALSE
	EndGlobalSection
	GlobalSection(ExtensibilityGlobals) = postSolution
		SolutionGuid = {C007DE48-C1CD-4C32-B733-7D838E8B5692}
	EndGlobalSection
EndGlobal
