
Microsoft Visual Studio Solution File, Format Version 12.00
# Visual Studio Version 16
VisualStudioVersion = 16.0.28803.452
MinimumVisualStudioVersion = 10.0.40219.1
Project("{FAE04EC0-301F-11D3-BF4B-00C04F79EFBC}") = "DoWhileLoop", "DoWhileLoop\DoWhileLoop.csproj", "{7ACD2BA3-0121-4572-A6FA-D89D09C83979}"
EndProject
Global
	GlobalSection(SolutionConfigurationPlatforms) = preSolution
		Debug|Any CPU = Debug|Any CPU
		Release|Any CPU = Release|Any CPU
	EndGlobalSection
	GlobalSection(ProjectConfigurationPlatforms) = postSolution
		{7ACD2BA3-0121-4572-A6FA-D89D09C83979}.Debug|Any CPU.ActiveCfg = Debug|Any CPU
		{7ACD2BA3-0121-4572-A6FA-D89D09C83979}.Debug|Any CPU.Build.0 = Debug|Any CPU
		{7ACD2BA3-0121-4572-A6FA-D89D09C83979}.Release|Any CPU.ActiveCfg = Release|Any CPU
		{7ACD2BA3-0121-4572-A6FA-D89D09C83979}.Release|Any CPU.Build.0 = Release|Any CPU
	EndGlobalSection
	GlobalSection(SolutionProperties) = preSolution
		HideSolutionNode = FALSE
	EndGlobalSection
	GlobalSection(ExtensibilityGlobals) = postSolution
		SolutionGuid = {4AC85E83-486F-403D-AC48-D35FFE022E39}
	EndGlobalSection
EndGlobal
